<?xml version="1.0" encoding="utf-8"?>
<Project ToolsVersion="4.0" xmlns="http://schemas.microsoft.com/developer/msbuild/2003">
  <ItemGroup>
    <Filter Include="Resource Files">
      <UniqueIdentifier>{67DA6AB6-F800-4c08-8B7A-83BB121AAD01}</UniqueIdentifier>
      <Extensions>rc;ico;cur;bmp;dlg;rc2;rct;bin;rgs;gif;jpg;jpeg;jpe;resx;tiff;tif;png;wav;mfcribbon-ms</Extensions>
    </Filter>
    <Filter Include="Header Files">
      <UniqueIdentifier>{93995380-89BD-4b04-88EB-625FBE52EBFB}</UniqueIdentifier>
      <Extensions>h;hh;hpp;hxx;h++;hm;inl;inc;ipp;xsd</Extensions>
    </Filter>
    <Filter Include="Source Files">
      <UniqueIdentifier>{4FC737F1-C7A5-4376-A066-2A32D752A2FF}</UniqueIdentifier>
      <Extensions>cpp;c;cc;cxx;c++;cppm;ixx;def;odl;idl;hpj;bat;asm;asmx</Extensions>
    </Filter>
    <Filter Include="Package Files">
      <UniqueIdentifier>{23b01136-e240-492a-881a-b8946124873b}</UniqueIdentifier>
    </Filter>
    <Filter Include="Header Files\hardware">
      <UniqueIdentifier>{cb50e57d-da2a-4297-b155-68438c874a22}</UniqueIdentifier>
    </Filter>
    <Filter Include="Source Files\hardware">
      <UniqueIdentifier>{9a8b53f5-0d6a-454a-80d1-638f37bd58bf}</UniqueIdentifier>
    </Filter>
    <Filter Include="Header Files\controller">
      <UniqueIdentifier>{171a348d-f3e2-4367-bc2e-c96331d66ab9}</UniqueIdentifier>
    </Filter>
    <Filter Include="Source Files\controller">
      <UniqueIdentifier>{16af0910-e672-41dd-96bd-ac0a37c3daf4}</UniqueIdentifier>
    </Filter>
    <Filter Include="Documentation Files">
      <UniqueIdentifier>{0bcae706-2213-4562-afc2-ca062ef42bc3}</UniqueIdentifier>
    </Filter>
    <Filter Include="Documentation Files\include">
      <UniqueIdentifier>{10399f6b-ef04-4ef9-acc2-a10b279dc57a}</UniqueIdentifier>
    </Filter>
    <Filter Include="Documentation Files\source">
      <UniqueIdentifier>{a56f69c6-1056-452a-b6b1-4c3f6bd4b180}</UniqueIdentifier>
    </Filter>
    <Filter Include="Header Files\communication">
      <UniqueIdentifier>{f7f5587d-7437-452d-9e0a-cfce54232b6d}</UniqueIdentifier>
    </Filter>
    <Filter Include="Source Files\communication">
      <UniqueIdentifier>{b524f22d-8d2b-406b-ac7e-11d2a1467a0d}</UniqueIdentifier>
    </Filter>
    <Filter Include="Header Files\watcher">
      <UniqueIdentifier>{1fc9c2d2-6642-4d41-90ae-d475dc0340a5}</UniqueIdentifier>
    </Filter>
    <Filter Include="Header Files\interface">
      <UniqueIdentifier>{d17f1e28-bd9e-4774-8978-17a676def91c}</UniqueIdentifier>
    </Filter>
    <Filter Include="Source Files\interface">
      <UniqueIdentifier>{b835a670-3e4c-4bfa-bdfa-054d801a61bc}</UniqueIdentifier>
    </Filter>
  </ItemGroup>
  <ItemGroup>
    <ClInclude Include="..\..\include\robotapi.hpp">
      <Filter>Package Files</Filter>
    </ClInclude>
    <ClInclude Include="..\..\include\robotapi\robotapi_defines.hpp">
      <Filter>Header Files</Filter>
    </ClInclude>
    <ClInclude Include="..\..\include\robotapi\hardware.hpp">
      <Filter>Header Files</Filter>
    </ClInclude>
    <ClInclude Include="..\..\include\robotapi\controller.hpp">
      <Filter>Header Files</Filter>
    </ClInclude>
    <ClInclude Include="..\..\include\robotapi\communication.hpp">
      <Filter>Header Files</Filter>
    </ClInclude>
    <ClInclude Include="..\..\include\robotapi\interface.hpp">
      <Filter>Header Files</Filter>
    </ClInclude>
    <ClInclude Include="..\..\include\robotapi\interface\robot_interface.hpp">
      <Filter>Header Files\interface</Filter>
    </ClInclude>
    <ClInclude Include="..\..\include\robotapi\hardware\robot_information.hpp">
      <Filter>Header Files\hardware</Filter>
    </ClInclude>
    <ClInclude Include="..\..\include\robotapi\hardware\hardware_interface.hpp">
      <Filter>Header Files\hardware</Filter>
    </ClInclude>
    <ClInclude Include="..\..\include\robotapi\controller\controller_interface.hpp">
      <Filter>Header Files\controller</Filter>
    </ClInclude>
    <ClInclude Include="..\..\include\robotapi\communication\constants.hpp">
      <Filter>Header Files\communication</Filter>
    </ClInclude>
    <ClInclude Include="..\..\include\robotapi\communication\types.hpp">
      <Filter>Header Files\communication</Filter>
    </ClInclude>
    <ClInclude Include="..\..\include\robotapi\communication\communication_interface.hpp">
      <Filter>Header Files\communication</Filter>
    </ClInclude>
    <ClInclude Include="..\..\include\robotapi\interface\default_interface.hpp">
      <Filter>Header Files\interface</Filter>
    </ClInclude>
    <ClInclude Include="..\..\include\robotapi\controller\default_controller.hpp">
      <Filter>Header Files\controller</Filter>
    </ClInclude>
  </ItemGroup>
  <ItemGroup>
    <ClCompile Include="..\..\source\robotapi\robotapi_entry.cpp">
      <Filter>Source Files</Filter>
    </ClCompile>
    <ClCompile Include="..\..\source\robotapi\hardware\robot_information.cpp">
      <Filter>Source Files\hardware</Filter>
    </ClCompile>
    <ClCompile Include="..\..\source\robotapi\hardware\hardware_interface.cpp">
      <Filter>Source Files\hardware</Filter>
    </ClCompile>
    <ClCompile Include="..\..\source\robotapi\communication\communication_interface.cpp">
      <Filter>Source Files\communication</Filter>
    </ClCompile>
    <ClCompile Include="..\..\source\robotapi\controller\controller_interface.cpp">
      <Filter>Source Files\controller</Filter>
    </ClCompile>
    <ClCompile Include="..\..\source\robotapi\controller\default_controller.cpp">
      <Filter>Source Files\controller</Filter>
    </ClCompile>
  </ItemGroup>
  <ItemGroup>
    <None Include="..\..\include\robotapi\DIRECTORY.md">
      <Filter>Documentation Files\include</Filter>
    </None>
    <None Include="..\..\source\robotapi\DIRECTORY.md">
      <Filter>Documentation Files\source</Filter>
    </None>
  </ItemGroup>
</Project>