
Microsoft Visual Studio Solution File, Format Version 12.00
# Visual Studio Version 16
VisualStudioVersion = 16.0.30011.22
MinimumVisualStudioVersion = 10.0.40219.1
Project("{2150E333-8FDC-42A3-9474-1A3956D46DE8}") = "Solution Items", "Solution Items", "{F1ACEF06-73E2-4B1A-93CF-B39319FEEE56}"
	ProjectSection(SolutionItems) = preProject
		.catkin_workspace = .catkin_workspace
		.editorconfig = .editorconfig
		.gitignore = .gitignore
		DIRECTORY.md = DIRECTORY.md
		productive40.hpp = productive40.hpp
		README.md = README.md
	EndProjectSection
EndProject
Project("{8BC9CEB8-8B4A-11D0-8D11-00A0C91BC942}") = "CATKIN_WORKSPACE", "project\CATKIN_WORKSPACE\CATKIN_WORKSPACE.vcxproj", "{AE9DACCE-7859-4CAB-A8FF-99E6F981A03D}"
EndProject
Project("{2150E333-8FDC-42A3-9474-1A3956D46DE8}") = "include", "include", "{865EA28A-EEAF-44D3-82F3-6F5665ABB37F}"
	ProjectSection(SolutionItems) = preProject
		include\DIRECTORY.md = include\DIRECTORY.md
	EndProjectSection
EndProject
Project("{2150E333-8FDC-42A3-9474-1A3956D46DE8}") = "source", "source", "{E11E8A58-6289-4847-AF50-90A23C1BE76E}"
	ProjectSection(SolutionItems) = preProject
		source\DIRECTORY.md = source\DIRECTORY.md
	EndProjectSection
EndProject
Project("{8BC9CEB8-8B4A-11D0-8D11-00A0C91BC942}") = "Common", "project\common\common.vcxproj", "{48C1874E-E8A2-4733-8514-A8F30AD62DA4}"
EndProject
Project("{8BC9CEB8-8B4A-11D0-8D11-00A0C91BC942}") = "Test", "project\test\test.vcxproj", "{37A92884-CC4A-4504-B68C-7DC1246E02E3}"
EndProject
Project("{8BC9CEB8-8B4A-11D0-8D11-00A0C91BC942}") = "RobotAPI", "project\robotapi\robotapi.vcxproj", "{AF7133E2-F8EF-4BBB-9AAE-3F08F8E07587}"
EndProject
Global
	GlobalSection(SolutionConfigurationPlatforms) = preSolution
		Debug|x64 = Debug|x64
		Debug|x86 = Debug|x86
		Release|x64 = Release|x64
		Release|x86 = Release|x86
	EndGlobalSection
	GlobalSection(ProjectConfigurationPlatforms) = postSolution
		{AE9DACCE-7859-4CAB-A8FF-99E6F981A03D}.Debug|x64.ActiveCfg = Debug|x64
		{AE9DACCE-7859-4CAB-A8FF-99E6F981A03D}.Debug|x64.Build.0 = Debug|x64
		{AE9DACCE-7859-4CAB-A8FF-99E6F981A03D}.Debug|x86.ActiveCfg = Debug|Win32
		{AE9DACCE-7859-4CAB-A8FF-99E6F981A03D}.Debug|x86.Build.0 = Debug|Win32
		{AE9DACCE-7859-4CAB-A8FF-99E6F981A03D}.Release|x64.ActiveCfg = Release|x64
		{AE9DACCE-7859-4CAB-A8FF-99E6F981A03D}.Release|x64.Build.0 = Release|x64
		{AE9DACCE-7859-4CAB-A8FF-99E6F981A03D}.Release|x86.ActiveCfg = Release|Win32
		{AE9DACCE-7859-4CAB-A8FF-99E6F981A03D}.Release|x86.Build.0 = Release|Win32
		{48C1874E-E8A2-4733-8514-A8F30AD62DA4}.Debug|x64.ActiveCfg = Debug|x64
		{48C1874E-E8A2-4733-8514-A8F30AD62DA4}.Debug|x64.Build.0 = Debug|x64
		{48C1874E-E8A2-4733-8514-A8F30AD62DA4}.Debug|x86.ActiveCfg = Debug|Win32
		{48C1874E-E8A2-4733-8514-A8F30AD62DA4}.Debug|x86.Build.0 = Debug|Win32
		{48C1874E-E8A2-4733-8514-A8F30AD62DA4}.Release|x64.ActiveCfg = Release|x64
		{48C1874E-E8A2-4733-8514-A8F30AD62DA4}.Release|x64.Build.0 = Release|x64
		{48C1874E-E8A2-4733-8514-A8F30AD62DA4}.Release|x86.ActiveCfg = Release|Win32
		{48C1874E-E8A2-4733-8514-A8F30AD62DA4}.Release|x86.Build.0 = Release|Win32
		{37A92884-CC4A-4504-B68C-7DC1246E02E3}.Debug|x64.ActiveCfg = Debug|x64
		{37A92884-CC4A-4504-B68C-7DC1246E02E3}.Debug|x64.Build.0 = Debug|x64
		{37A92884-CC4A-4504-B68C-7DC1246E02E3}.Debug|x86.ActiveCfg = Debug|Win32
		{37A92884-CC4A-4504-B68C-7DC1246E02E3}.Debug|x86.Build.0 = Debug|Win32
		{37A92884-CC4A-4504-B68C-7DC1246E02E3}.Release|x64.ActiveCfg = Release|x64
		{37A92884-CC4A-4504-B68C-7DC1246E02E3}.Release|x64.Build.0 = Release|x64
		{37A92884-CC4A-4504-B68C-7DC1246E02E3}.Release|x86.ActiveCfg = Release|Win32
		{37A92884-CC4A-4504-B68C-7DC1246E02E3}.Release|x86.Build.0 = Release|Win32
		{AF7133E2-F8EF-4BBB-9AAE-3F08F8E07587}.Debug|x64.ActiveCfg = Debug|x64
		{AF7133E2-F8EF-4BBB-9AAE-3F08F8E07587}.Debug|x64.Build.0 = Debug|x64
		{AF7133E2-F8EF-4BBB-9AAE-3F08F8E07587}.Debug|x86.ActiveCfg = Debug|Win32
		{AF7133E2-F8EF-4BBB-9AAE-3F08F8E07587}.Debug|x86.Build.0 = Debug|Win32
		{AF7133E2-F8EF-4BBB-9AAE-3F08F8E07587}.Release|x64.ActiveCfg = Release|x64
		{AF7133E2-F8EF-4BBB-9AAE-3F08F8E07587}.Release|x64.Build.0 = Release|x64
		{AF7133E2-F8EF-4BBB-9AAE-3F08F8E07587}.Release|x86.ActiveCfg = Release|Win32
		{AF7133E2-F8EF-4BBB-9AAE-3F08F8E07587}.Release|x86.Build.0 = Release|Win32
	EndGlobalSection
	GlobalSection(SolutionProperties) = preSolution
		HideSolutionNode = FALSE
	EndGlobalSection
	GlobalSection(NestedProjects) = preSolution
		{865EA28A-EEAF-44D3-82F3-6F5665ABB37F} = {F1ACEF06-73E2-4B1A-93CF-B39319FEEE56}
		{E11E8A58-6289-4847-AF50-90A23C1BE76E} = {F1ACEF06-73E2-4B1A-93CF-B39319FEEE56}
	EndGlobalSection
	GlobalSection(ExtensibilityGlobals) = postSolution
		SolutionGuid = {CD337F5F-FF23-4B39-9661-81BB94E56D61}
	EndGlobalSection
EndGlobal
