<?xml version="1.0" encoding="utf-8"?>
<Project ToolsVersion="4.0" xmlns="http://schemas.microsoft.com/developer/msbuild/2003">
  <ItemGroup>
    <Filter Include="Source Files">
      <UniqueIdentifier>{4FC737F1-C7A5-4376-A066-2A32D752A2FF}</UniqueIdentifier>
      <Extensions>cpp;c;cc;cxx;def;odl;idl;hpj;bat;asm;asmx</Extensions>
    </Filter>
    <Filter Include="Header Files">
      <UniqueIdentifier>{93995380-89BD-4b04-88EB-625FBE52EBFB}</UniqueIdentifier>
      <Extensions>h;hh;hpp;hxx;hm;inl;inc;xsd</Extensions>
    </Filter>
    <Filter Include="Resource Files">
      <UniqueIdentifier>{D9D6E242-F8AF-46E4-B9FD-80ECBC20BA3E}</UniqueIdentifier>
      <Extensions>qrc;*</Extensions>
      <ParseFiles>false</ParseFiles>
    </Filter>
    <Filter Include="Form Files">
      <UniqueIdentifier>{99349809-55BA-4b9d-BF79-8FDBB0286EB3}</UniqueIdentifier>
      <Extensions>ui</Extensions>
    </Filter>
    <Filter Include="Resource Files">
      <UniqueIdentifier>{D9D6E242-F8AF-46E4-B9FD-80ECBC20BA3E}</UniqueIdentifier>
      <Extensions>qrc;*</Extensions>
      <ParseFiles>false</ParseFiles>
    </Filter>
    <Filter Include="UI Files">
      <UniqueIdentifier>{67bb1509-dfd0-4e59-9272-3d5e3237adb4}</UniqueIdentifier>
    </Filter>
    <Filter Include="Package Files">
      <UniqueIdentifier>{a43a2b5d-0eef-4b99-b451-5f7bd0d2db57}</UniqueIdentifier>
    </Filter>
    <Filter Include="Documentation Files">
      <UniqueIdentifier>{f5a61620-f79a-4b9f-991e-b71b63cb406d}</UniqueIdentifier>
    </Filter>
    <Filter Include="Documentation Files\include">
      <UniqueIdentifier>{518ee37f-9f35-4e67-a892-153428eae9cb}</UniqueIdentifier>
    </Filter>
    <Filter Include="Documentation Files\source">
      <UniqueIdentifier>{33f06f2c-2c27-485a-9b1b-bb5a2eeec01a}</UniqueIdentifier>
    </Filter>
    <Filter Include="Source Files\application">
      <UniqueIdentifier>{3f886ef5-be52-4e94-99b2-c0fc47a89a80}</UniqueIdentifier>
    </Filter>
    <Filter Include="Header Files\application">
      <UniqueIdentifier>{d7ff0d15-3bef-4bcb-8683-da2656705de2}</UniqueIdentifier>
    </Filter>
    <Filter Include="Header Files\ui">
      <UniqueIdentifier>{2bdad5c3-0e99-4f8b-9735-5999d4a2d62e}</UniqueIdentifier>
    </Filter>
    <Filter Include="Source Files\ui">
      <UniqueIdentifier>{a76e8236-f7a9-4ca6-baba-f47433c41d95}</UniqueIdentifier>
    </Filter>
    <Filter Include="Documentation Files\include\application">
      <UniqueIdentifier>{a56c4efd-2389-434e-b546-eca403ebd486}</UniqueIdentifier>
    </Filter>
    <Filter Include="Documentation Files\source\application">
      <UniqueIdentifier>{61d80ab0-1e85-4be6-830a-fce09b32b24d}</UniqueIdentifier>
    </Filter>
    <Filter Include="Header Files\application\robot">
      <UniqueIdentifier>{4324a37e-9301-4c80-b860-f5ecca43e0e5}</UniqueIdentifier>
    </Filter>
    <Filter Include="Source Files\application\robot">
      <UniqueIdentifier>{d07a77ce-8bfa-43fa-a47b-e16c66048dfb}</UniqueIdentifier>
    </Filter>
    <Filter Include="Header Files\robot">
      <UniqueIdentifier>{2be5d97d-0fa1-44dc-9b75-e189809e1a4c}</UniqueIdentifier>
    </Filter>
    <Filter Include="Source Files\robot">
      <UniqueIdentifier>{1b3b9758-7124-454a-ab23-732087d09575}</UniqueIdentifier>
    </Filter>
    <Filter Include="Header Files\network">
      <UniqueIdentifier>{084bc830-4b58-438a-80f0-fc06525a8aa3}</UniqueIdentifier>
    </Filter>
    <Filter Include="Source Files\network">
      <UniqueIdentifier>{96053e5c-6f30-46d9-972e-d3a8b86d0ee4}</UniqueIdentifier>
    </Filter>
    <Filter Include="Header Files\network\delegate">
      <UniqueIdentifier>{a82fabd2-8e8b-470d-baf4-e6b4e18ad646}</UniqueIdentifier>
    </Filter>
    <Filter Include="Documentation Files\include\network">
      <UniqueIdentifier>{8737b266-060c-40cc-b8cc-73aed3c8469d}</UniqueIdentifier>
    </Filter>
    <Filter Include="Documentation Files\source\network">
      <UniqueIdentifier>{838a51c6-c533-4185-8767-c734a1917c7f}</UniqueIdentifier>
    </Filter>
    <Filter Include="Source Files\network\delegate">
      <UniqueIdentifier>{7c3773a5-2b69-489e-9a67-5cf8e545b18c}</UniqueIdentifier>
    </Filter>
    <Filter Include="Header Files\ui\widget">
      <UniqueIdentifier>{3cd7dc42-bb0a-4aa0-af3e-132c1235bed8}</UniqueIdentifier>
    </Filter>
    <Filter Include="Source Files\ui\widget">
      <UniqueIdentifier>{235401bc-dcaf-4bf6-89fb-6e7bd8d7b528}</UniqueIdentifier>
    </Filter>
  </ItemGroup>
  <ItemGroup>
    <ClInclude Include="..\..\include\missionplanner.hpp">
      <Filter>Package Files</Filter>
    </ClInclude>
    <ClInclude Include="..\..\include\missionplanner\application.hpp">
      <Filter>Header Files</Filter>
    </ClInclude>
    <ClInclude Include="..\..\include\missionplanner\ui.hpp">
      <Filter>Header Files</Filter>
    </ClInclude>
    <ClInclude Include="..\..\include\missionplanner\application\robot\hardware_simulation.hpp">
      <Filter>Header Files\application\robot</Filter>
    </ClInclude>
    <ClInclude Include="..\..\include\missionplanner\application\robot\simubot_interface.hpp">
      <Filter>Header Files\application\robot</Filter>
    </ClInclude>
    <ClInclude Include="..\..\include\missionplanner\robot.hpp">
      <Filter>Header Files</Filter>
    </ClInclude>
    <ClInclude Include="..\..\include\missionplanner\application\robot.hpp">
      <Filter>Header Files\application</Filter>
    </ClInclude>
    <ClInclude Include="..\..\include\missionplanner\network.hpp">
      <Filter>Header Files</Filter>
    </ClInclude>
    <ClInclude Include="..\..\include\missionplanner\network\delegate.hpp">
      <Filter>Header Files\network</Filter>
    </ClInclude>
    <ClInclude Include="..\..\include\missionplanner\robot\robot_manager.hpp">
      <Filter>Header Files\robot</Filter>
    </ClInclude>
    <ClInclude Include="..\..\include\missionplanner\robot\robot.hpp">
      <Filter>Header Files\robot</Filter>
    </ClInclude>
    <ClInclude Include="..\..\include\missionplanner\network\network_interface.hpp">
      <Filter>Header Files\network</Filter>
    </ClInclude>
    <ClInclude Include="..\..\include\missionplanner\ui\widget.hpp">
      <Filter>Header Files\ui</Filter>
    </ClInclude>
    <ClInclude Include="..\..\include\missionplanner\robot\robot_interface.hpp">
      <Filter>Header Files\robot</Filter>
    </ClInclude>
    <ClInclude Include="..\..\include\missionplanner\ui\widget\robot_widget.hpp">
      <Filter>Header Files\ui\widget</Filter>
    </ClInclude>
  </ItemGroup>
  <ItemGroup>
    <ClCompile Include="..\..\source\missionplanner\main.cpp">
      <Filter>Source Files</Filter>
    </ClCompile>
    <ClCompile Include="..\..\source\missionplanner\application\application.cpp">
      <Filter>Source Files\application</Filter>
    </ClCompile>
    <ClCompile Include="..\..\source\missionplanner\ui\main_window.cpp">
      <Filter>Source Files\ui</Filter>
    </ClCompile>
    <ClCompile Include="..\..\source\missionplanner\application\robot\hardware_simulation.cpp">
      <Filter>Source Files\application\robot</Filter>
    </ClCompile>
    <ClCompile Include="..\..\source\missionplanner\application\robot\simubot_interface.cpp">
      <Filter>Source Files\application\robot</Filter>
    </ClCompile>
    <ClCompile Include="..\..\source\missionplanner\application\simubot.cpp">
      <Filter>Source Files\application</Filter>
    </ClCompile>
    <ClCompile Include="..\..\source\missionplanner\network\network_manager.cpp">
      <Filter>Source Files\network</Filter>
    </ClCompile>
    <ClCompile Include="..\..\source\missionplanner\application\robot\fake_communication.cpp">
      <Filter>Source Files\application\robot</Filter>
    </ClCompile>
    <ClCompile Include="..\..\source\missionplanner\environment.cpp">
      <Filter>Source Files</Filter>
    </ClCompile>
    <ClCompile Include="..\..\source\missionplanner\network\delegate\fake_communication_impl.cpp">
      <Filter>Source Files\network\delegate</Filter>
    </ClCompile>
    <ClCompile Include="..\..\source\missionplanner\network\delegate\ros_communication_impl.cpp">
      <Filter>Source Files\network\delegate</Filter>
    </ClCompile>
    <ClCompile Include="..\..\source\missionplanner\ui\widget\robot_widget.cpp">
      <Filter>Source Files\ui\widget</Filter>
    </ClCompile>
    <ClCompile Include="..\..\source\missionplanner\ui\widget\mission_scene.cpp">
      <Filter>Source Files\ui\widget</Filter>
    </ClCompile>
  </ItemGroup>
  <ItemGroup>
    <None Include="..\..\include\missionplanner\DIRECTORY.md">
      <Filter>Documentation Files\include</Filter>
    </None>
    <None Include="..\..\source\missionplanner\DIRECTORY.md">
      <Filter>Documentation Files\source</Filter>
    </None>
    <None Include="..\..\include\missionplanner\application\DIRECTORY.md">
      <Filter>Documentation Files\include\application</Filter>
    </None>
    <None Include="..\..\source\missionplanner\application\DIRECTORY.md">
      <Filter>Documentation Files\source\application</Filter>
    </None>
    <None Include="..\..\include\missionplanner\network\DIRECTORY.md">
      <Filter>Documentation Files\include\network</Filter>
    </None>
    <None Include="..\..\source\missionplanner\network\DIRECTORY.md">
      <Filter>Documentation Files\source\network</Filter>
    </None>
  </ItemGroup>
  <ItemGroup>
    <QtMoc Include="..\..\include\missionplanner\application\application.hpp">
      <Filter>Header Files\application</Filter>
    </QtMoc>
    <QtMoc Include="..\..\include\missionplanner\ui\main_window.hpp">
      <Filter>Header Files\ui</Filter>
    </QtMoc>
    <QtMoc Include="..\..\include\missionplanner\application\simubot.hpp">
      <Filter>Header Files\application</Filter>
    </QtMoc>
    <QtMoc Include="..\..\include\missionplanner\network\network_manager_impl.hpp">
      <Filter>Header Files\network</Filter>
    </QtMoc>
    <QtMoc Include="..\..\include\missionplanner\network\delegate\fake_communication_impl.hpp">
      <Filter>Header Files\network\delegate</Filter>
    </QtMoc>
    <QtMoc Include="..\..\include\missionplanner\environment.hpp">
      <Filter>Header Files</Filter>
    </QtMoc>
    <QtMoc Include="..\..\include\missionplanner\network\network_manager.hpp">
      <Filter>Header Files\network</Filter>
    </QtMoc>
    <QtMoc Include="..\..\include\missionplanner\application\robot\fake_communication.hpp">
      <Filter>Header Files\application\robot</Filter>
    </QtMoc>
    <QtMoc Include="..\..\include\missionplanner\network\delegate\ros_communication_impl.hpp">
      <Filter>Header Files\network\delegate</Filter>
    </QtMoc>
    <QtMoc Include="..\..\include\missionplanner\ui\widget\mission_scene.hpp">
      <Filter>Header Files\ui\widget</Filter>
    </QtMoc>
  </ItemGroup>
  <ItemGroup>
    <QtUic Include="..\..\ui\main_window.ui">
      <Filter>UI Files</Filter>
    </QtUic>
  </ItemGroup>
  <ItemGroup>
    <QtRcc Include="..\..\resource\main_window.qrc">
      <Filter>Resource Files</Filter>
    </QtRcc>
  </ItemGroup>
</Project>