<?xml version="1.0" encoding="utf-8"?>
<Project ToolsVersion="4.0" xmlns="http://schemas.microsoft.com/developer/msbuild/2003">
  <ItemGroup>
    <Filter Include="Source Files">
      <UniqueIdentifier>{4FC737F1-C7A5-4376-A066-2A32D752A2FF}</UniqueIdentifier>
      <Extensions>cpp;c;cc;cxx;def;odl;idl;hpj;bat;asm;asmx</Extensions>
    </Filter>
    <Filter Include="Header Files">
      <UniqueIdentifier>{93995380-89BD-4b04-88EB-625FBE52EBFB}</UniqueIdentifier>
      <Extensions>h;hh;hpp;hxx;hm;inl;inc;xsd</Extensions>
    </Filter>
    <Filter Include="Resource Files">
      <UniqueIdentifier>{D9D6E242-F8AF-46E4-B9FD-80ECBC20BA3E}</UniqueIdentifier>
      <Extensions>qrc;*</Extensions>
      <ParseFiles>false</ParseFiles>
    </Filter>
    <Filter Include="Form Files">
      <UniqueIdentifier>{99349809-55BA-4b9d-BF79-8FDBB0286EB3}</UniqueIdentifier>
      <Extensions>ui</Extensions>
    </Filter>
    <Filter Include="Resource Files">
      <UniqueIdentifier>{D9D6E242-F8AF-46E4-B9FD-80ECBC20BA3E}</UniqueIdentifier>
      <Extensions>qrc;*</Extensions>
      <ParseFiles>false</ParseFiles>
    </Filter>
    <Filter Include="UI Files">
      <UniqueIdentifier>{67bb1509-dfd0-4e59-9272-3d5e3237adb4}</UniqueIdentifier>
    </Filter>
    <Filter Include="Package Files">
      <UniqueIdentifier>{a43a2b5d-0eef-4b99-b451-5f7bd0d2db57}</UniqueIdentifier>
    </Filter>
    <Filter Include="Documentation Files">
      <UniqueIdentifier>{f5a61620-f79a-4b9f-991e-b71b63cb406d}</UniqueIdentifier>
    </Filter>
    <Filter Include="Documentation Files\include">
      <UniqueIdentifier>{518ee37f-9f35-4e67-a892-153428eae9cb}</UniqueIdentifier>
    </Filter>
    <Filter Include="Documentation Files\source">
      <UniqueIdentifier>{33f06f2c-2c27-485a-9b1b-bb5a2eeec01a}</UniqueIdentifier>
    </Filter>
    <Filter Include="Source Files\application">
      <UniqueIdentifier>{3f886ef5-be52-4e94-99b2-c0fc47a89a80}</UniqueIdentifier>
    </Filter>
    <Filter Include="Header Files\application">
      <UniqueIdentifier>{d7ff0d15-3bef-4bcb-8683-da2656705de2}</UniqueIdentifier>
    </Filter>
    <Filter Include="Header Files\ui">
      <UniqueIdentifier>{2bdad5c3-0e99-4f8b-9735-5999d4a2d62e}</UniqueIdentifier>
    </Filter>
    <Filter Include="Source Files\ui">
      <UniqueIdentifier>{a76e8236-f7a9-4ca6-baba-f47433c41d95}</UniqueIdentifier>
    </Filter>
    <Filter Include="Header Files\robot">
      <UniqueIdentifier>{7acc501e-691b-45ea-98b6-1893cbea6e6b}</UniqueIdentifier>
    </Filter>
    <Filter Include="Source Files\robot">
      <UniqueIdentifier>{31372afc-155b-4574-961e-e0afe526b3c0}</UniqueIdentifier>
    </Filter>
  </ItemGroup>
  <ItemGroup>
    <ClInclude Include="..\..\include\missionplanner.hpp">
      <Filter>Package Files</Filter>
    </ClInclude>
    <ClInclude Include="..\..\include\missionplanner\application.hpp">
      <Filter>Header Files</Filter>
    </ClInclude>
    <ClInclude Include="..\..\include\missionplanner\ui.hpp">
      <Filter>Header Files</Filter>
    </ClInclude>
    <ClInclude Include="..\..\include\missionplanner\robot.hpp">
      <Filter>Header Files</Filter>
    </ClInclude>
    <ClInclude Include="..\..\include\missionplanner\robot\hardware_simulation.hpp">
      <Filter>Header Files\robot</Filter>
    </ClInclude>
    <ClInclude Include="..\..\include\missionplanner\robot\simubot_interface.hpp">
      <Filter>Header Files\robot</Filter>
    </ClInclude>
  </ItemGroup>
  <ItemGroup>
    <ClCompile Include="..\..\source\missionplanner\main.cpp">
      <Filter>Source Files</Filter>
    </ClCompile>
    <ClCompile Include="..\..\source\missionplanner\application\application.cpp">
      <Filter>Source Files\application</Filter>
    </ClCompile>
    <ClCompile Include="..\..\source\missionplanner\ui\main_window.cpp">
      <Filter>Source Files\ui</Filter>
    </ClCompile>
    <ClCompile Include="..\..\source\missionplanner\robot\hardware_simulation.cpp">
      <Filter>Source Files\robot</Filter>
    </ClCompile>
    <ClCompile Include="..\..\source\missionplanner\robot\simubot_interface.cpp">
      <Filter>Source Files\robot</Filter>
    </ClCompile>
  </ItemGroup>
  <ItemGroup>
    <None Include="..\..\include\missionplanner\DIRECTORY.md">
      <Filter>Documentation Files\include</Filter>
    </None>
    <None Include="..\..\source\missionplanner\DIRECTORY.md">
      <Filter>Documentation Files\source</Filter>
    </None>
  </ItemGroup>
  <ItemGroup>
    <QtMoc Include="..\..\include\missionplanner\application\application.hpp">
      <Filter>Header Files\application</Filter>
    </QtMoc>
    <QtMoc Include="..\..\include\missionplanner\ui\main_window.hpp">
      <Filter>Header Files\ui</Filter>
    </QtMoc>
  </ItemGroup>
  <ItemGroup>
    <QtUic Include="..\..\ui\main_window.ui">
      <Filter>UI Files</Filter>
    </QtUic>
  </ItemGroup>
  <ItemGroup>
    <QtRcc Include="..\..\resource\main_window.qrc">
      <Filter>Resource Files</Filter>
    </QtRcc>
  </ItemGroup>
</Project>